
Microsoft Visual Studio Solution File, Format Version 12.00
# Visual Studio 15
VisualStudioVersion = 15.0.28307.438
MinimumVisualStudioVersion = 10.0.40219.1
Project("{FAE04EC0-301F-11D3-BF4B-00C04F79EFBC}") = "TaskbarControl.Forms", ".\TaskbarControl.Forms\TaskbarControl.Forms.csproj", "{030CDF90-D2F5-443C-B9EF-FF335B98E408}"
EndProject
Global
	GlobalSection(SolutionConfigurationPlatforms) = preSolution
		Debug|Any CPU = Debug|Any CPU
		Release|Any CPU = Release|Any CPU
	EndGlobalSection
	GlobalSection(ProjectConfigurationPlatforms) = postSolution
		{030CDF90-D2F5-443C-B9EF-FF335B98E408}.Debug|Any CPU.ActiveCfg = Debug|Any CPU
		{030CDF90-D2F5-443C-B9EF-FF335B98E408}.Debug|Any CPU.Build.0 = Debug|Any CPU
		{030CDF90-D2F5-443C-B9EF-FF335B98E408}.Release|Any CPU.ActiveCfg = Release|Any CPU
		{030CDF90-D2F5-443C-B9EF-FF335B98E408}.Release|Any CPU.Build.0 = Release|Any CPU
	EndGlobalSection
	GlobalSection(SolutionProperties) = preSolution
		HideSolutionNode = FALSE
	EndGlobalSection
	GlobalSection(ExtensibilityGlobals) = postSolution
		SolutionGuid = {20F4CCDB-9BE0-433D-8F48-15D3D20061A3}
	EndGlobalSection
EndGlobal
